// !$*UTF8*$!
{
	archiveVersion = 1;
	classes = {
	};
	objectVersion = 48;
	objects = {

/* Begin PBXBuildFile section */
		395C88591F5CB5E40048BF20 /* GoalCell.swift in Sources */ = {isa = PBXBuildFile; fileRef = 395C88581F5CB5E40048BF20 /* GoalCell.swift */; };
		39660FA81F5C3EA100E88D19 /* AppDelegate.swift in Sources */ = {isa = PBXBuildFile; fileRef = 39660FA71F5C3EA100E88D19 /* AppDelegate.swift */; };
		39660FAA1F5C3EA100E88D19 /* GoalsVC.swift in Sources */ = {isa = PBXBuildFile; fileRef = 39660FA91F5C3EA100E88D19 /* GoalsVC.swift */; };
		39660FAD1F5C3EA100E88D19 /* Main.storyboard in Resources */ = {isa = PBXBuildFile; fileRef = 39660FAB1F5C3EA100E88D19 /* Main.storyboard */; };
		39660FB01F5C3EA100E88D19 /* Goal_Post.xcdatamodeld in Sources */ = {isa = PBXBuildFile; fileRef = 39660FAE1F5C3EA100E88D19 /* Goal_Post.xcdatamodeld */; };
		39660FB21F5C3EA100E88D19 /* Assets.xcassets in Resources */ = {isa = PBXBuildFile; fileRef = 39660FB11F5C3EA100E88D19 /* Assets.xcassets */; };
		39660FB51F5C3EA100E88D19 /* LaunchScreen.storyboard in Resources */ = {isa = PBXBuildFile; fileRef = 39660FB31F5C3EA100E88D19 /* LaunchScreen.storyboard */; };
/* End PBXBuildFile section */

/* Begin PBXFileReference section */
		395C88581F5CB5E40048BF20 /* GoalCell.swift */ = {isa = PBXFileReference; lastKnownFileType = sourcecode.swift; path = GoalCell.swift; sourceTree = "<group>"; };
		39660FA41F5C3EA100E88D19 /* Goal Post.app */ = {isa = PBXFileReference; explicitFileType = wrapper.application; includeInIndex = 0; path = "Goal Post.app"; sourceTree = BUILT_PRODUCTS_DIR; };
		39660FA71F5C3EA100E88D19 /* AppDelegate.swift */ = {isa = PBXFileReference; lastKnownFileType = sourcecode.swift; path = AppDelegate.swift; sourceTree = "<group>"; };
		39660FA91F5C3EA100E88D19 /* GoalsVC.swift */ = {isa = PBXFileReference; lastKnownFileType = sourcecode.swift; path = GoalsVC.swift; sourceTree = "<group>"; };
		39660FAC1F5C3EA100E88D19 /* Base */ = {isa = PBXFileReference; lastKnownFileType = file.storyboard; name = Base; path = Base.lproj/Main.storyboard; sourceTree = "<group>"; };
		39660FAF1F5C3EA100E88D19 /* Goal_Post.xcdatamodel */ = {isa = PBXFileReference; lastKnownFileType = wrapper.xcdatamodel; path = Goal_Post.xcdatamodel; sourceTree = "<group>"; };
		39660FB11F5C3EA100E88D19 /* Assets.xcassets */ = {isa = PBXFileReference; lastKnownFileType = folder.assetcatalog; path = Assets.xcassets; sourceTree = "<group>"; };
		39660FB41F5C3EA100E88D19 /* Base */ = {isa = PBXFileReference; lastKnownFileType = file.storyboard; name = Base; path = Base.lproj/LaunchScreen.storyboard; sourceTree = "<group>"; };
		39660FB61F5C3EA100E88D19 /* Info.plist */ = {isa = PBXFileReference; lastKnownFileType = text.plist.xml; path = Info.plist; sourceTree = "<group>"; };
/* End PBXFileReference section */

/* Begin PBXFrameworksBuildPhase section */
		39660FA11F5C3EA100E88D19 /* Frameworks */ = {
			isa = PBXFrameworksBuildPhase;
			buildActionMask = 2147483647;
			files = (
			);
			runOnlyForDeploymentPostprocessing = 0;
		};
/* End PBXFrameworksBuildPhase section */

/* Begin PBXGroup section */
		39660F9B1F5C3EA100E88D19 = {
			isa = PBXGroup;
			children = (
				39660FA61F5C3EA100E88D19 /* Goal Post */,
				39660FA51F5C3EA100E88D19 /* Products */,
			);
			sourceTree = "<group>";
		};
		39660FA51F5C3EA100E88D19 /* Products */ = {
			isa = PBXGroup;
			children = (
				39660FA41F5C3EA100E88D19 /* Goal Post.app */,
			);
			name = Products;
			sourceTree = "<group>";
		};
		39660FA61F5C3EA100E88D19 /* Goal Post */ = {
			isa = PBXGroup;
			children = (
				39660FBF1F5C3EEE00E88D19 /* Extension */,
				39660FBE1F5C3EE800E88D19 /* Enum */,
				39660FBD1F5C3ECC00E88D19 /* View */,
				39660FBC1F5C3EBD00E88D19 /* Controller */,
				39660FA71F5C3EA100E88D19 /* AppDelegate.swift */,
				39660FAB1F5C3EA100E88D19 /* Main.storyboard */,
				39660FB11F5C3EA100E88D19 /* Assets.xcassets */,
				39660FB31F5C3EA100E88D19 /* LaunchScreen.storyboard */,
				39660FB61F5C3EA100E88D19 /* Info.plist */,
				39660FAE1F5C3EA100E88D19 /* Goal_Post.xcdatamodeld */,
			);
			path = "Goal Post";
			sourceTree = "<group>";
		};
		39660FBC1F5C3EBD00E88D19 /* Controller */ = {
			isa = PBXGroup;
			children = (
				39660FA91F5C3EA100E88D19 /* GoalsVC.swift */,
			);
			path = Controller;
			sourceTree = "<group>";
		};
		39660FBD1F5C3ECC00E88D19 /* View */ = {
			isa = PBXGroup;
			children = (
				395C88581F5CB5E40048BF20 /* GoalCell.swift */,
			);
			path = View;
			sourceTree = "<group>";
		};
		39660FBE1F5C3EE800E88D19 /* Enum */ = {
			isa = PBXGroup;
			children = (
			);
			path = Enum;
			sourceTree = "<group>";
		};
		39660FBF1F5C3EEE00E88D19 /* Extension */ = {
			isa = PBXGroup;
			children = (
			);
			path = Extension;
			sourceTree = "<group>";
		};
/* End PBXGroup section */

/* Begin PBXNativeTarget section */
		39660FA31F5C3EA100E88D19 /* Goal Post */ = {
			isa = PBXNativeTarget;
			buildConfigurationList = 39660FB91F5C3EA100E88D19 /* Build configuration list for PBXNativeTarget "Goal Post" */;
			buildPhases = (
				39660FA01F5C3EA100E88D19 /* Sources */,
				39660FA11F5C3EA100E88D19 /* Frameworks */,
				39660FA21F5C3EA100E88D19 /* Resources */,
			);
			buildRules = (
			);
			dependencies = (
			);
			name = "Goal Post";
			productName = "Goal Post";
			productReference = 39660FA41F5C3EA100E88D19 /* Goal Post.app */;
			productType = "com.apple.product-type.application";
		};
/* End PBXNativeTarget section */

/* Begin PBXProject section */
		39660F9C1F5C3EA100E88D19 /* Project object */ = {
			isa = PBXProject;
			attributes = {
				LastSwiftUpdateCheck = 0900;
				LastUpgradeCheck = 0900;
				ORGANIZATIONNAME = GBJpq;
				TargetAttributes = {
					39660FA31F5C3EA100E88D19 = {
						CreatedOnToolsVersion = 9.0;
						ProvisioningStyle = Automatic;
					};
				};
			};
			buildConfigurationList = 39660F9F1F5C3EA100E88D19 /* Build configuration list for PBXProject "Goal Post" */;
			compatibilityVersion = "Xcode 8.0";
			developmentRegion = en;
			hasScannedForEncodings = 0;
			knownRegions = (
				en,
				Base,
			);
			mainGroup = 39660F9B1F5C3EA100E88D19;
			productRefGroup = 39660FA51F5C3EA100E88D19 /* Products */;
			projectDirPath = "";
			projectRoot = "";
			targets = (
				39660FA31F5C3EA100E88D19 /* Goal Post */,
			);
		};
/* End PBXProject section */

/* Begin PBXResourcesBuildPhase section */
		39660FA21F5C3EA100E88D19 /* Resources */ = {
			isa = PBXResourcesBuildPhase;
			buildActionMask = 2147483647;
			files = (
				39660FB51F5C3EA100E88D19 /* LaunchScreen.storyboard in Resources */,
				39660FB21F5C3EA100E88D19 /* Assets.xcassets in Resources */,
				39660FAD1F5C3EA100E88D19 /* Main.storyboard in Resources */,
			);
			runOnlyForDeploymentPostprocessing = 0;
		};
/* End PBXResourcesBuildPhase section */

/* Begin PBXSourcesBuildPhase section */
		39660FA01F5C3EA100E88D19 /* Sources */ = {
			isa = PBXSourcesBuildPhase;
			buildActionMask = 2147483647;
			files = (
				395C88591F5CB5E40048BF20 /* GoalCell.swift in Sources */,
				39660FAA1F5C3EA100E88D19 /* GoalsVC.swift in Sources */,
				39660FA81F5C3EA100E88D19 /* AppDelegate.swift in Sources */,
				39660FB01F5C3EA100E88D19 /* Goal_Post.xcdatamodeld in Sources */,
			);
			runOnlyForDeploymentPostprocessing = 0;
		};
/* End PBXSourcesBuildPhase section */

/* Begin PBXVariantGroup section */
		39660FAB1F5C3EA100E88D19 /* Main.storyboard */ = {
			isa = PBXVariantGroup;
			children = (
				39660FAC1F5C3EA100E88D19 /* Base */,
			);
			name = Main.storyboard;
			sourceTree = "<group>";
		};
		39660FB31F5C3EA100E88D19 /* LaunchScreen.storyboard */ = {
			isa = PBXVariantGroup;
			children = (
				39660FB41F5C3EA100E88D19 /* Base */,
			);
			name = LaunchScreen.storyboard;
			sourceTree = "<group>";
		};
/* End PBXVariantGroup section */

/* Begin XCBuildConfiguration section */
		39660FB71F5C3EA100E88D19 /* Debug */ = {
			isa = XCBuildConfiguration;
			buildSettings = {
				ALWAYS_SEARCH_USER_PATHS = NO;
				CLANG_ANALYZER_NONNULL = YES;
				CLANG_ANALYZER_NUMBER_OBJECT_CONVERSION = YES_AGGRESSIVE;
				CLANG_CXX_LANGUAGE_STANDARD = "gnu++14";
				CLANG_CXX_LIBRARY = "libc++";
				CLANG_ENABLE_MODULES = YES;
				CLANG_ENABLE_OBJC_ARC = YES;
				CLANG_WARN_BLOCK_CAPTURE_AUTORELEASING = YES;
				CLANG_WARN_BOOL_CONVERSION = YES;
				CLANG_WARN_COMMA = YES;
				CLANG_WARN_CONSTANT_CONVERSION = YES;
				CLANG_WARN_DIRECT_OBJC_ISA_USAGE = YES_ERROR;
				CLANG_WARN_DOCUMENTATION_COMMENTS = YES;
				CLANG_WARN_EMPTY_BODY = YES;
				CLANG_WARN_ENUM_CONVERSION = YES;
				CLANG_WARN_INFINITE_RECURSION = YES;
				CLANG_WARN_INT_CONVERSION = YES;
				CLANG_WARN_NON_LITERAL_NULL_CONVERSION = YES;
				CLANG_WARN_OBJC_LITERAL_CONVERSION = YES;
				CLANG_WARN_OBJC_ROOT_CLASS = YES_ERROR;
				CLANG_WARN_RANGE_LOOP_ANALYSIS = YES;
				CLANG_WARN_STRICT_PROTOTYPES = YES;
				CLANG_WARN_SUSPICIOUS_MOVE = YES;
				CLANG_WARN_UNGUARDED_AVAILABILITY = YES_AGGRESSIVE;
				CLANG_WARN_UNREACHABLE_CODE = YES;
				CLANG_WARN__DUPLICATE_METHOD_MATCH = YES;
				CODE_SIGN_IDENTITY = "iPhone Developer";
				COPY_PHASE_STRIP = NO;
				DEBUG_INFORMATION_FORMAT = dwarf;
				ENABLE_STRICT_OBJC_MSGSEND = YES;
				ENABLE_TESTABILITY = YES;
				GCC_C_LANGUAGE_STANDARD = gnu11;
				GCC_DYNAMIC_NO_PIC = NO;
				GCC_NO_COMMON_BLOCKS = YES;
				GCC_OPTIMIZATION_LEVEL = 0;
				GCC_PREPROCESSOR_DEFINITIONS = (
					"DEBUG=1",
					"$(inherited)",
				);
				GCC_WARN_64_TO_32_BIT_CONVERSION = YES;
				GCC_WARN_ABOUT_RETURN_TYPE = YES_ERROR;
				GCC_WARN_UNDECLARED_SELECTOR = YES;
				GCC_WARN_UNINITIALIZED_AUTOS = YES_AGGRESSIVE;
				GCC_WARN_UNUSED_FUNCTION = YES;
				GCC_WARN_UNUSED_VARIABLE = YES;
				IPHONEOS_DEPLOYMENT_TARGET = 11.0;
				MTL_ENABLE_DEBUG_INFO = YES;
				ONLY_ACTIVE_ARCH = YES;
				SDKROOT = iphoneos;
				SWIFT_ACTIVE_COMPILATION_CONDITIONS = DEBUG;
				SWIFT_OPTIMIZATION_LEVEL = "-Onone";
			};
			name = Debug;
		};
		39660FB81F5C3EA100E88D19 /* Release */ = {
			isa = XCBuildConfiguration;
			buildSettings = {
				ALWAYS_SEARCH_USER_PATHS = NO;
				CLANG_ANALYZER_NONNULL = YES;
				CLANG_ANALYZER_NUMBER_OBJECT_CONVERSION = YES_AGGRESSIVE;
				CLANG_CXX_LANGUAGE_STANDARD = "gnu++14";
				CLANG_CXX_LIBRARY = "libc++";
				CLANG_ENABLE_MODULES = YES;
				CLANG_ENABLE_OBJC_ARC = YES;
				CLANG_WARN_BLOCK_CAPTURE_AUTORELEASING = YES;
				CLANG_WARN_BOOL_CONVERSION = YES;
				CLANG_WARN_COMMA = YES;
				CLANG_WARN_CONSTANT_CONVERSION = YES;
				CLANG_WARN_DIRECT_OBJC_ISA_USAGE = YES_ERROR;
				CLANG_WARN_DOCUMENTATION_COMMENTS = YES;
				CLANG_WARN_EMPTY_BODY = YES;
				CLANG_WARN_ENUM_CONVERSION = YES;
				CLANG_WARN_INFINITE_RECURSION = YES;
				CLANG_WARN_INT_CONVERSION = YES;
				CLANG_WARN_NON_LITERAL_NULL_CONVERSION = YES;
				CLANG_WARN_OBJC_LITERAL_CONVERSION = YES;
				CLANG_WARN_OBJC_ROOT_CLASS = YES_ERROR;
				CLANG_WARN_RANGE_LOOP_ANALYSIS = YES;
				CLANG_WARN_STRICT_PROTOTYPES = YES;
				CLANG_WARN_SUSPICIOUS_MOVE = YES;
				CLANG_WARN_UNGUARDED_AVAILABILITY = YES_AGGRESSIVE;
				CLANG_WARN_UNREACHABLE_CODE = YES;
				CLANG_WARN__DUPLICATE_METHOD_MATCH = YES;
				CODE_SIGN_IDENTITY = "iPhone Developer";
				COPY_PHASE_STRIP = NO;
				DEBUG_INFORMATION_FORMAT = "dwarf-with-dsym";
				ENABLE_NS_ASSERTIONS = NO;
				ENABLE_STRICT_OBJC_MSGSEND = YES;
				GCC_C_LANGUAGE_STANDARD = gnu11;
				GCC_NO_COMMON_BLOCKS = YES;
				GCC_WARN_64_TO_32_BIT_CONVERSION = YES;
				GCC_WARN_ABOUT_RETURN_TYPE = YES_ERROR;
				GCC_WARN_UNDECLARED_SELECTOR = YES;
				GCC_WARN_UNINITIALIZED_AUTOS = YES_AGGRESSIVE;
				GCC_WARN_UNUSED_FUNCTION = YES;
				GCC_WARN_UNUSED_VARIABLE = YES;
				IPHONEOS_DEPLOYMENT_TARGET = 11.0;
				MTL_ENABLE_DEBUG_INFO = NO;
				SDKROOT = iphoneos;
				SWIFT_OPTIMIZATION_LEVEL = "-Owholemodule";
				VALIDATE_PRODUCT = YES;
			};
			name = Release;
		};
		39660FBA1F5C3EA100E88D19 /* Debug */ = {
			isa = XCBuildConfiguration;
			buildSettings = {
				ASSETCATALOG_COMPILER_APPICON_NAME = AppIcon;
				CODE_SIGN_STYLE = Automatic;
				INFOPLIST_FILE = "Goal Post/Info.plist";
				LD_RUNPATH_SEARCH_PATHS = "$(inherited) @executable_path/Frameworks";
				PRODUCT_BUNDLE_IDENTIFIER = "com.GBJpq.Goal-Post";
				PRODUCT_NAME = "$(TARGET_NAME)";
				SWIFT_VERSION = 4.0;
				TARGETED_DEVICE_FAMILY = "1,2";
			};
			name = Debug;
		};
		39660FBB1F5C3EA100E88D19 /* Release */ = {
			isa = XCBuildConfiguration;
			buildSettings = {
				ASSETCATALOG_COMPILER_APPICON_NAME = AppIcon;
				CODE_SIGN_STYLE = Automatic;
				INFOPLIST_FILE = "Goal Post/Info.plist";
				LD_RUNPATH_SEARCH_PATHS = "$(inherited) @executable_path/Frameworks";
				PRODUCT_BUNDLE_IDENTIFIER = "com.GBJpq.Goal-Post";
				PRODUCT_NAME = "$(TARGET_NAME)";
				SWIFT_VERSION = 4.0;
				TARGETED_DEVICE_FAMILY = "1,2";
			};
			name = Release;
		};
/* End XCBuildConfiguration section */

/* Begin XCConfigurationList section */
		39660F9F1F5C3EA100E88D19 /* Build configuration list for PBXProject "Goal Post" */ = {
			isa = XCConfigurationList;
			buildConfigurations = (
				39660FB71F5C3EA100E88D19 /* Debug */,
				39660FB81F5C3EA100E88D19 /* Release */,
			);
			defaultConfigurationIsVisible = 0;
			defaultConfigurationName = Release;
		};
		39660FB91F5C3EA100E88D19 /* Build configuration list for PBXNativeTarget "Goal Post" */ = {
			isa = XCConfigurationList;
			buildConfigurations = (
				39660FBA1F5C3EA100E88D19 /* Debug */,
				39660FBB1F5C3EA100E88D19 /* Release */,
			);
			defaultConfigurationIsVisible = 0;
			defaultConfigurationName = Release;
		};
/* End XCConfigurationList section */

/* Begin XCVersionGroup section */
		39660FAE1F5C3EA100E88D19 /* Goal_Post.xcdatamodeld */ = {
			isa = XCVersionGroup;
			children = (
				39660FAF1F5C3EA100E88D19 /* Goal_Post.xcdatamodel */,
			);
			currentVersion = 39660FAF1F5C3EA100E88D19 /* Goal_Post.xcdatamodel */;
			path = Goal_Post.xcdatamodeld;
			sourceTree = "<group>";
			versionGroupType = wrapper.xcdatamodel;
		};
/* End XCVersionGroup section */
	};
	rootObject = 39660F9C1F5C3EA100E88D19 /* Project object */;
}
